
Microsoft Visual Studio Solution File, Format Version 12.00
# Visual Studio Version 16
VisualStudioVersion = 16.0.29102.190
MinimumVisualStudioVersion = 10.0.40219.1
Project("{9A19103F-16F7-4668-BE54-9A1E7A4F7556}") = "CardGame", "CardGame\CardGame.csproj", "{AF93E3F5-6F7A-422B-AB97-C0344021FB82}"
EndProject
Global
	GlobalSection(SolutionConfigurationPlatforms) = preSolution
		Debug|Any CPU = Debug|Any CPU
		Release|Any CPU = Release|Any CPU
	EndGlobalSection
	GlobalSection(ProjectConfigurationPlatforms) = postSolution
		{AF93E3F5-6F7A-422B-AB97-C0344021FB82}.Debug|Any CPU.ActiveCfg = Debug|Any CPU
		{AF93E3F5-6F7A-422B-AB97-C0344021FB82}.Debug|Any CPU.Build.0 = Debug|Any CPU
		{AF93E3F5-6F7A-422B-AB97-C0344021FB82}.Release|Any CPU.ActiveCfg = Release|Any CPU
		{AF93E3F5-6F7A-422B-AB97-C0344021FB82}.Release|Any CPU.Build.0 = Release|Any CPU
	EndGlobalSection
	GlobalSection(SolutionProperties) = preSolution
		HideSolutionNode = FALSE
	EndGlobalSection
	GlobalSection(ExtensibilityGlobals) = postSolution
		SolutionGuid = {A3280962-139A-4B1E-923C-3AB3512AF8A9}
	EndGlobalSection
EndGlobal
